Microsoft Visual Studio Solution File, Format Version 11.00
# Visual Studio 2008

Project("{2350CE2D-D257-EE3D-3D1F-C326CC2AF8DE}") = "EarthModelUnity", "Assembly-CSharp-firstpass.csproj", "{9D862EFC-3681-3B77-906D-179F677DDDFF}"
EndProject
Project("{2350CE2D-D257-EE3D-3D1F-C326CC2AF8DE}") = "EarthModelUnity", "Assembly-CSharp.csproj", "{153978D2-999B-9828-836D-3C6CFFFEFC8D}"
EndProject
Global
	GlobalSection(SolutionConfigurationPlatforms) = preSolution
		Debug|Any CPU = Debug|Any CPU
		Release|Any CPU = Release|Any CPU
	EndGlobalSection
	GlobalSection(ProjectConfigurationPlatforms) = postSolution
		{9D862EFC-3681-3B77-906D-179F677DDDFF}.Debug|Any CPU.ActiveCfg = Debug|Any CPU
		{9D862EFC-3681-3B77-906D-179F677DDDFF}.Debug|Any CPU.Build.0 = Debug|Any CPU
		{9D862EFC-3681-3B77-906D-179F677DDDFF}.Release|Any CPU.ActiveCfg = Release|Any CPU
		{9D862EFC-3681-3B77-906D-179F677DDDFF}.Release|Any CPU.Build.0 = Release|Any CPU
		{153978D2-999B-9828-836D-3C6CFFFEFC8D}.Debug|Any CPU.ActiveCfg = Debug|Any CPU
		{153978D2-999B-9828-836D-3C6CFFFEFC8D}.Debug|Any CPU.Build.0 = Debug|Any CPU
		{153978D2-999B-9828-836D-3C6CFFFEFC8D}.Release|Any CPU.ActiveCfg = Release|Any CPU
		{153978D2-999B-9828-836D-3C6CFFFEFC8D}.Release|Any CPU.Build.0 = Release|Any CPU
	EndGlobalSection
	GlobalSection(SolutionProperties) = preSolution
		HideSolutionNode = FALSE
	EndGlobalSection
																					GlobalSection(MonoDevelopProperties) = preSolution
		StartupItem = Assembly-CSharp.csproj
		Policies = $0
		$0.TextStylePolicy = $1
		$1.inheritsSet = null
		$1.scope = text/x-csharp
		$0.CSharpFormattingPolicy = $2
		$2.inheritsSet = Mono
		$2.inheritsScope = text/x-csharp
		$2.scope = text/x-csharp
		$0.TextStylePolicy = $3
		$3.FileWidth = 120
		$3.TabWidth = 4
		$3.EolMarker = Unix
		$3.inheritsSet = Mono
		$3.inheritsScope = text/plain
		$3.scope = text/plain
	EndGlobalSection

EndGlobal
